
Microsoft Visual Studio Solution File, Format Version 12.00
# Visual Studio Version 17
VisualStudioVersion = 17.0.31903.59
MinimumVisualStudioVersion = 10.0.40219.1
Project("{F2A71F9B-5D33-465A-A702-920D77279786}") = "Fabulous.Analyzers", "Fabulous.Analyzers\Fabulous.Analyzers.fsproj", "{AF2FAF39-4238-4736-BBAC-0014C88B7457}"
EndProject
Project("{F2A71F9B-5D33-465A-A702-920D77279786}") = "Fabulous.Analyzers.Tests", "Fabulous.Analyzers.Tests\Fabulous.Analyzers.Tests.fsproj", "{2C633099-9CCA-43C4-86A9-8117E5FC60EF}"
EndProject
Global
	GlobalSection(SolutionConfigurationPlatforms) = preSolution
		Debug|Any CPU = Debug|Any CPU
		Release|Any CPU = Release|Any CPU
	EndGlobalSection
	GlobalSection(SolutionProperties) = preSolution
		HideSolutionNode = FALSE
	EndGlobalSection
	GlobalSection(ProjectConfigurationPlatforms) = postSolution
		{AF2FAF39-4238-4736-BBAC-0014C88B7457}.Debug|Any CPU.ActiveCfg = Debug|Any CPU
		{AF2FAF39-4238-4736-BBAC-0014C88B7457}.Debug|Any CPU.Build.0 = Debug|Any CPU
		{AF2FAF39-4238-4736-BBAC-0014C88B7457}.Release|Any CPU.ActiveCfg = Release|Any CPU
		{AF2FAF39-4238-4736-BBAC-0014C88B7457}.Release|Any CPU.Build.0 = Release|Any CPU
		{2C633099-9CCA-43C4-86A9-8117E5FC60EF}.Debug|Any CPU.ActiveCfg = Debug|Any CPU
		{2C633099-9CCA-43C4-86A9-8117E5FC60EF}.Debug|Any CPU.Build.0 = Debug|Any CPU
		{2C633099-9CCA-43C4-86A9-8117E5FC60EF}.Release|Any CPU.ActiveCfg = Release|Any CPU
		{2C633099-9CCA-43C4-86A9-8117E5FC60EF}.Release|Any CPU.Build.0 = Release|Any CPU
	EndGlobalSection
EndGlobal
